
Microsoft Visual Studio Solution File, Format Version 12.00
# Visual Studio 2013
Project("{FAE04EC0-301F-11D3-BF4B-00C04F79EFBC}") = "Pang_edit.CSharp", "Pang_edit.CSharp.csproj", "{7C5735E8-22EC-DC57-F847-92E2BEBBA81E}"
EndProject
Global
	GlobalSection(SolutionConfigurationPlatforms) = preSolution
		Debug|Any CPU = Debug|Any CPU
		Release|Any CPU = Release|Any CPU
	EndGlobalSection
	GlobalSection(ProjectConfigurationPlatforms) = postSolution
		{7C5735E8-22EC-DC57-F847-92E2BEBBA81E}.Debug|Any CPU.ActiveCfg = Debug|Any CPU
		{7C5735E8-22EC-DC57-F847-92E2BEBBA81E}.Debug|Any CPU.Build.0 = Debug|Any CPU
		{7C5735E8-22EC-DC57-F847-92E2BEBBA81E}.Release|Any CPU.ActiveCfg = Release|Any CPU
		{7C5735E8-22EC-DC57-F847-92E2BEBBA81E}.Release|Any CPU.Build.0 = Release|Any CPU
	EndGlobalSection
	GlobalSection(SolutionProperties) = preSolution
		HideSolutionNode = FALSE
	EndGlobalSection
EndGlobal
